{
  "name": "playground",
  "version": "1.0.0",
  "lockfileVersion": 3,
  "requires": true,
  "packages": {
    "": {
      "name": "playground",
      "version": "1.0.0",
      "license": "ISC",
      "dependencies": {
        "iconify-icon": "^2.0.0",
        "svelitecms": "file:.."
      }
    },
    "..": {
      "name": "svelitecms",
      "version": "0.0.6-next.29",
      "dependencies": {
        "@sveltejs/vite-plugin-svelte": "^3.0.1",
        "dotenv": "^16.4.4",
        "express": "^4.18.2",
        "sirv": "^2.0.4",
        "svelte": "^5.0.0-next.55",
        "vercel": "^33.5.1",
        "vite": "^5.1.0-beta.0"
      },
      "bin": {
        "svelite": "bin/svelite.js"
      }
    },
    "node_modules/@iconify/types": {
      "version": "2.0.0",
      "resolved": "https://registry.npmjs.org/@iconify/types/-/types-2.0.0.tgz",
      "integrity": "sha512-+wluvCrRhXrhyOmRDJ3q8mux9JkKy5SJ/v8ol2tu4FVjyYvtEzkc/3pK15ET6RKg4b4w4BmTk1+gsCUhf21Ykg=="
    },
    "node_modules/iconify-icon": {
      "version": "2.0.0",
      "resolved": "https://registry.npmjs.org/iconify-icon/-/iconify-icon-2.0.0.tgz",
      "integrity": "sha512-38ArOkxmyD9oDbJBkxaFpE6eZ0K3F9Sk+3x4mWGfjMJaxi3EKrix9Du4iWhgBFT3imKC4FJJE34ur2Rc7Xm+Uw==",
      "dependencies": {
        "@iconify/types": "^2.0.0"
      },
      "funding": {
        "url": "https://github.com/sponsors/cyberalien"
      }
    },
    "node_modules/svelitecms": {
      "resolved": "..",
      "link": true
    }
  }
}
