{
  "name": "playground",
  "version": "1.0.0",
  "lockfileVersion": 3,
  "requires": true,
  "packages": {
    "": {
      "name": "playground",
      "version": "1.0.0",
      "license": "ISC",
      "dependencies": {
        "svelitecms": "file:.."
      }
    },
    "..": {
      "version": "0.0.6-next.54",
      "dependencies": {
        "@sveltejs/vite-plugin-svelte": "^3.0.1",
        "acorn": "^8.11.3",
        "dotenv": "^16.4.4",
        "escodegen": "^2.1.0",
        "estree-walker": "^3.0.3",
        "express": "^4.18.2",
        "sirv": "^2.0.4",
        "svelte": "^5.0.0-next.64",
        "vercel": "^33.5.1",
        "vite": "^5.1.0-beta.0"
      },
      "bin": {
        "svelite": "bin/svelite.js"
      }
    },
    "node_modules/svelitecms": {
      "resolved": "..",
      "link": true
    }
  }
}
